# This file is autogenerated, do not edit; changes may be undone by the next 'dep ensure'.


[[projects]]
  name = "github.com/aws/aws-lambda-go"
  packages = [
    "events",
    "lambda",
    "lambda/messages",
    "lambdacontext"
  ]
  revision = "4d30d0ff60440c2d0480a15747c96ee71c3c53d4"
  version = "v1.2.0"

[[projects]]
  branch = "master"
  name = "github.com/awslabs/aws-lambda-go-api-proxy"
  packages = [
    "core",
    "negroni"
  ]
  revision = "6986cdf6237e77c4d9a721a1b153e904fa384a24"

[[projects]]
  name = "github.com/gorilla/context"
  packages = ["."]
  revision = "08b5f424b9271eedf6f9f0ce86cb9396ed337a42"
  version = "v1.1.1"

[[projects]]
  branch = "master"
  name = "github.com/gorilla/mux"
  packages = ["."]
  revision = "e0b5abaaae35242fa74372f26c24107711702a4e"

[[projects]]
  name = "github.com/jinzhu/gorm"
  packages = ["."]
  revision = "6ed508ec6a4ecb3531899a69cbc746ccf65a4166"
  version = "v1.9.1"

[[projects]]
  branch = "master"
  name = "github.com/jinzhu/inflection"
  packages = ["."]
  revision = "04140366298a54a039076d798123ffa108fff46c"

[[projects]]
  branch = "master"
  name = "github.com/lib/pq"
  packages = [
    ".",
    "oid"
  ]
  revision = "90697d60dd844d5ef6ff15135d0203f65d2f53b8"

[[projects]]
  branch = "master"
  name = "github.com/urfave/negroni"
  packages = ["."]
  revision = "22c5532ea862c34fdad414e90f8cc00b4f6f4cab"

[solve-meta]
  analyzer-name = "dep"
  analyzer-version = 1
  inputs-digest = "c434b8df63a5104eb62bf648f3ecc5da25627269a88b3e80abb2389fa8f34230"
  solver-name = "gps-cdcl"
  solver-version = 1
